schema: '2.0'
stages:
  data_ingestion:
    cmd: python src/data/data_ingestion.py
    deps:
    - path: src/data/data_ingestion.py
      hash: md5
      md5: 9b544755691f46ac2025107fac9f0370
      size: 2579
    params:
      params.yaml:
        data_ingestion.test_size: 0.2
    outs:
    - path: data/raw
      hash: md5
      md5: 2f8d02da7bc67c260d9fa8241962149c.dir
      size: 649243
      nfiles: 2
  data_preprocessing:
    cmd: python src/data/data_preprocessing.py
    deps:
    - path: data/raw
      hash: md5
      md5: 2f8d02da7bc67c260d9fa8241962149c.dir
      size: 649243
      nfiles: 2
    - path: src/data/data_preprocessing.py
      hash: md5
      md5: 02bdd3f1e5254783b50094b81dd1ea59
      size: 2984
    outs:
    - path: data/interim
      hash: md5
      md5: 30a1ad7a56eedcdd441510517fdd2430.dir
      size: 401269
      nfiles: 2
  feature_engineering:
    cmd: python src/features/feature_engineering.py
    deps:
    - path: data/interim
      hash: md5
      md5: 30a1ad7a56eedcdd441510517fdd2430.dir
      size: 401269
      nfiles: 2
    - path: src/features/feature_engineering.py
      hash: md5
      md5: f8cbe9ad2087de072bf849a76f402636
      size: 3523
    params:
      params.yaml:
        feature_engineering.max_features: 50
    outs:
    - path: data/processed
      hash: md5
      md5: 61418ae3c0b54f51b85863117da29cd4.dir
      size: 51883
      nfiles: 2
    - path: models/vectorizer.pkl
      hash: md5
      md5: cdd87a8a6f073210443a9038cf3bcc26
      size: 1866
  model_building:
    cmd: python src/model/model_building.py
    deps:
    - path: data/processed
      hash: md5
      md5: 61418ae3c0b54f51b85863117da29cd4.dir
      size: 51883
      nfiles: 2
    - path: src/model/model_building.py
      hash: md5
      md5: 86f3af6f25e89e91c47606186d0b5dcb
      size: 2217
    outs:
    - path: models/model.pkl
      hash: md5
      md5: e7d567a23e9128354effe88d52a2ff34
      size: 1115
  model_evaluation:
    cmd: python src/model/model_evaluation.py
    deps:
    - path: models/model.pkl
      hash: md5
      md5: e7d567a23e9128354effe88d52a2ff34
      size: 1115
    - path: src/model/model_evaluation.py
      hash: md5
      md5: 654237ec84ef77d2c6aaabd5ffbbc8d6
      size: 4441
    outs:
    - path: reports/experiment_info.json
      hash: md5
      md5: 2314b76c6bf9a5f2a7e123c015e750dd
      size: 82
    - path: reports/metrics.json
      hash: md5
      md5: 1852ba6d3d331fcd6b8bbf535ff9e8e0
      size: 119
  model_registration:
    cmd: python src/model/model_registry.py
    deps:
    - path: reports/experiment_info.json
      hash: md5
      md5: 2314b76c6bf9a5f2a7e123c015e750dd
      size: 82
    - path: src/model/model_registry.py
      hash: md5
      md5: 078c1a2f44d8dd34d5d5ceb3f9b027e1
      size: 2300
